# This file was autogenerated by uv via the following command:
#    uv export --all-groups --no-emit-project --no-hashes --output-file requirements.lock
annotated-doc==0.0.4
    # via typer
annotated-types==0.7.0
    # via pydantic
bandit==1.9.4
certifi==2026.6.17
    # via requests
cffi==2.1.0 ; implementation_name == 'pypy'
    # via pyzmq
cfgv==3.5.0
    # via pre-commit
charset-normalizer==3.4.9
    # via requests
colorama==0.4.6 ; sys_platform == 'win32'
    # via
    #   bandit
    #   pytest
    #   typer
detect-secrets==1.5.0
distlib==0.4.3
    # via virtualenv
filelock==3.30.3
    # via
    #   python-discovery
    #   virtualenv
hypothesis==6.156.6
identify==2.6.19
    # via pre-commit
idna==3.18
    # via requests
iniconfig==2.3.0
    # via pytest
markdown-it-py==4.2.0
    # via rich
mdurl==0.1.2
    # via markdown-it-py
nodeenv==1.10.0
    # via
    #   pre-commit
    #   pyright
packaging==26.2
    # via pytest
platformdirs==4.10.0
    # via
    #   python-discovery
    #   virtualenv
pluggy==1.6.0
    # via pytest
pre-commit==4.6.0
pycparser==3.0 ; implementation_name == 'pypy'
    # via cffi
pydantic==2.13.4
    # via local-recall
pydantic-core==2.46.4
    # via pydantic
pygments==2.20.0
    # via
    #   pytest
    #   rich
pykka==4.4.2
    # via local-recall
pyright==1.1.411
pytest==8.4.2
    # via pytest-timeout
pytest-timeout==2.4.0
python-discovery==1.4.4
    # via virtualenv
pyyaml==6.0.3
    # via
    #   bandit
    #   detect-secrets
    #   pre-commit
pyzmq==27.1.0
    # via local-recall
requests==2.34.2
    # via detect-secrets
rich==15.0.0
    # via
    #   bandit
    #   typer
ruff==0.15.22
shellcheck-py==0.11.0.1
shellingham==1.5.4
    # via typer
sortedcontainers==2.4.0
    # via hypothesis
stevedore==5.9.0
    # via bandit
typer==0.27.0
    # via local-recall
typing-extensions==4.16.0
    # via
    #   pydantic
    #   pydantic-core
    #   pyright
    #   typing-inspection
typing-inspection==0.4.2
    # via pydantic
urllib3==2.7.0
    # via requests
virtualenv==21.6.1
    # via pre-commit
